
Microsoft Visual Studio Solution File, Format Version 12.00
# Visual Studio Version 17
VisualStudioVersion = 17.0.31423.177
MinimumVisualStudioVersion = 10.0.40219.1
Project("{FAE04EC0-301F-11D3-BF4B-00C04F79EFBC}") = "1-TwoSum", "1-TwoSum\1-TwoSum.csproj", "{818C1E6E-FA39-4A90-8B87-EB75DDFDCC8C}"
EndProject
Global
	GlobalSection(SolutionConfigurationPlatforms) = preSolution
		Debug|Any CPU = Debug|Any CPU
		Release|Any CPU = Release|Any CPU
	EndGlobalSection
	GlobalSection(ProjectConfigurationPlatforms) = postSolution
		{818C1E6E-FA39-4A90-8B87-EB75DDFDCC8C}.Debug|Any CPU.ActiveCfg = Debug|Any CPU
		{818C1E6E-FA39-4A90-8B87-EB75DDFDCC8C}.Debug|Any CPU.Build.0 = Debug|Any CPU
		{818C1E6E-FA39-4A90-8B87-EB75DDFDCC8C}.Release|Any CPU.ActiveCfg = Release|Any CPU
		{818C1E6E-FA39-4A90-8B87-EB75DDFDCC8C}.Release|Any CPU.Build.0 = Release|Any CPU
	EndGlobalSection
	GlobalSection(SolutionProperties) = preSolution
		HideSolutionNode = FALSE
	EndGlobalSection
	GlobalSection(ExtensibilityGlobals) = postSolution
		SolutionGuid = {1C8ED482-0416-43E6-91A4-B1F12FA4CCDE}
	EndGlobalSection
EndGlobal
