
Microsoft Visual Studio Solution File, Format Version 12.00
# Visual Studio Version 17
VisualStudioVersion = 17.0.31423.177
MinimumVisualStudioVersion = 10.0.40219.1
Project("{9A19103F-16F7-4668-BE54-9A1E7A4F7556}") = "TwoSum", "1-TwoSum\TwoSum.csproj", "{818C1E6E-FA39-4A90-8B87-EB75DDFDCC8C}"
EndProject
Project("{9A19103F-16F7-4668-BE54-9A1E7A4F7556}") = "ReverseInteger", "7-ReverseInteger\ReverseInteger.csproj", "{09D894D0-3BF0-43BA-9E39-A1C719DAFEF0}"
EndProject
Project("{9A19103F-16F7-4668-BE54-9A1E7A4F7556}") = "RomanToInteger", "13-RomanToInteger\RomanToInteger.csproj", "{5918CCA8-0FCA-43E0-A007-D33BBCD4354C}"
EndProject
Project("{9A19103F-16F7-4668-BE54-9A1E7A4F7556}") = "ClimbingStairs", "ClimbingStairs\ClimbingStairs.csproj", "{6168A5C1-C6B6-401D-86C1-404368F9A84E}"
EndProject
Project("{FAE04EC0-301F-11D3-BF4B-00C04F79EFBC}") = "BinaryTreeInorderTraversal", "BinaryTreeInorderTraversal\BinaryTreeInorderTraversal.csproj", "{893CC233-8CC0-49CC-911A-D476F8A999A1}"
EndProject
Global
	GlobalSection(SolutionConfigurationPlatforms) = preSolution
		Debug|Any CPU = Debug|Any CPU
		Release|Any CPU = Release|Any CPU
	EndGlobalSection
	GlobalSection(ProjectConfigurationPlatforms) = postSolution
		{818C1E6E-FA39-4A90-8B87-EB75DDFDCC8C}.Debug|Any CPU.ActiveCfg = Debug|Any CPU
		{818C1E6E-FA39-4A90-8B87-EB75DDFDCC8C}.Debug|Any CPU.Build.0 = Debug|Any CPU
		{818C1E6E-FA39-4A90-8B87-EB75DDFDCC8C}.Release|Any CPU.ActiveCfg = Release|Any CPU
		{818C1E6E-FA39-4A90-8B87-EB75DDFDCC8C}.Release|Any CPU.Build.0 = Release|Any CPU
		{09D894D0-3BF0-43BA-9E39-A1C719DAFEF0}.Debug|Any CPU.ActiveCfg = Debug|Any CPU
		{09D894D0-3BF0-43BA-9E39-A1C719DAFEF0}.Debug|Any CPU.Build.0 = Debug|Any CPU
		{09D894D0-3BF0-43BA-9E39-A1C719DAFEF0}.Release|Any CPU.ActiveCfg = Release|Any CPU
		{09D894D0-3BF0-43BA-9E39-A1C719DAFEF0}.Release|Any CPU.Build.0 = Release|Any CPU
		{5918CCA8-0FCA-43E0-A007-D33BBCD4354C}.Debug|Any CPU.ActiveCfg = Debug|Any CPU
		{5918CCA8-0FCA-43E0-A007-D33BBCD4354C}.Debug|Any CPU.Build.0 = Debug|Any CPU
		{5918CCA8-0FCA-43E0-A007-D33BBCD4354C}.Release|Any CPU.ActiveCfg = Release|Any CPU
		{5918CCA8-0FCA-43E0-A007-D33BBCD4354C}.Release|Any CPU.Build.0 = Release|Any CPU
		{6168A5C1-C6B6-401D-86C1-404368F9A84E}.Debug|Any CPU.ActiveCfg = Debug|Any CPU
		{6168A5C1-C6B6-401D-86C1-404368F9A84E}.Debug|Any CPU.Build.0 = Debug|Any CPU
		{6168A5C1-C6B6-401D-86C1-404368F9A84E}.Release|Any CPU.ActiveCfg = Release|Any CPU
		{6168A5C1-C6B6-401D-86C1-404368F9A84E}.Release|Any CPU.Build.0 = Release|Any CPU
		{893CC233-8CC0-49CC-911A-D476F8A999A1}.Debug|Any CPU.ActiveCfg = Debug|Any CPU
		{893CC233-8CC0-49CC-911A-D476F8A999A1}.Debug|Any CPU.Build.0 = Debug|Any CPU
		{893CC233-8CC0-49CC-911A-D476F8A999A1}.Release|Any CPU.ActiveCfg = Release|Any CPU
		{893CC233-8CC0-49CC-911A-D476F8A999A1}.Release|Any CPU.Build.0 = Release|Any CPU
	EndGlobalSection
	GlobalSection(SolutionProperties) = preSolution
		HideSolutionNode = FALSE
	EndGlobalSection
	GlobalSection(ExtensibilityGlobals) = postSolution
		SolutionGuid = {1C8ED482-0416-43E6-91A4-B1F12FA4CCDE}
	EndGlobalSection
EndGlobal
