
Microsoft Visual Studio Solution File, Format Version 12.00
# Visual Studio Version 17
VisualStudioVersion = 17.0.31423.177
MinimumVisualStudioVersion = 10.0.40219.1
Project("{9A19103F-16F7-4668-BE54-9A1E7A4F7556}") = "TwoSum", "1-TwoSum\TwoSum.csproj", "{818C1E6E-FA39-4A90-8B87-EB75DDFDCC8C}"
EndProject
Project("{FAE04EC0-301F-11D3-BF4B-00C04F79EFBC}") = "ReverseInteger", "ReverseInteger\ReverseInteger.csproj", "{3C2A6023-D06B-4259-8617-F19DEC2F9320}"
EndProject
Global
	GlobalSection(SolutionConfigurationPlatforms) = preSolution
		Debug|Any CPU = Debug|Any CPU
		Release|Any CPU = Release|Any CPU
	EndGlobalSection
	GlobalSection(ProjectConfigurationPlatforms) = postSolution
		{818C1E6E-FA39-4A90-8B87-EB75DDFDCC8C}.Debug|Any CPU.ActiveCfg = Debug|Any CPU
		{818C1E6E-FA39-4A90-8B87-EB75DDFDCC8C}.Debug|Any CPU.Build.0 = Debug|Any CPU
		{818C1E6E-FA39-4A90-8B87-EB75DDFDCC8C}.Release|Any CPU.ActiveCfg = Release|Any CPU
		{818C1E6E-FA39-4A90-8B87-EB75DDFDCC8C}.Release|Any CPU.Build.0 = Release|Any CPU
		{3C2A6023-D06B-4259-8617-F19DEC2F9320}.Debug|Any CPU.ActiveCfg = Debug|Any CPU
		{3C2A6023-D06B-4259-8617-F19DEC2F9320}.Debug|Any CPU.Build.0 = Debug|Any CPU
		{3C2A6023-D06B-4259-8617-F19DEC2F9320}.Release|Any CPU.ActiveCfg = Release|Any CPU
		{3C2A6023-D06B-4259-8617-F19DEC2F9320}.Release|Any CPU.Build.0 = Release|Any CPU
	EndGlobalSection
	GlobalSection(SolutionProperties) = preSolution
		HideSolutionNode = FALSE
	EndGlobalSection
	GlobalSection(ExtensibilityGlobals) = postSolution
		SolutionGuid = {1C8ED482-0416-43E6-91A4-B1F12FA4CCDE}
	EndGlobalSection
EndGlobal
